
Microsoft Visual Studio Solution File, Format Version 12.00
# Visual Studio Version 17
VisualStudioVersion = 17.9.34616.47
MinimumVisualStudioVersion = 10.0.40219.1
Project("{FAE04EC0-301F-11D3-BF4B-00C04F79EFBC}") = "TASKSTEMP", "TASKSTEMP\TASKSTEMP.csproj", "{0485D66A-B2AA-4F57-B6FB-97DA0BD3315B}"
EndProject
Global
	GlobalSection(SolutionConfigurationPlatforms) = preSolution
		Debug|Any CPU = Debug|Any CPU
		Release|Any CPU = Release|Any CPU
	EndGlobalSection
	GlobalSection(ProjectConfigurationPlatforms) = postSolution
		{0485D66A-B2AA-4F57-B6FB-97DA0BD3315B}.Debug|Any CPU.ActiveCfg = Debug|Any CPU
		{0485D66A-B2AA-4F57-B6FB-97DA0BD3315B}.Debug|Any CPU.Build.0 = Debug|Any CPU
		{0485D66A-B2AA-4F57-B6FB-97DA0BD3315B}.Release|Any CPU.ActiveCfg = Release|Any CPU
		{0485D66A-B2AA-4F57-B6FB-97DA0BD3315B}.Release|Any CPU.Build.0 = Release|Any CPU
	EndGlobalSection
	GlobalSection(SolutionProperties) = preSolution
		HideSolutionNode = FALSE
	EndGlobalSection
	GlobalSection(ExtensibilityGlobals) = postSolution
		SolutionGuid = {AE2A83E4-4579-4F20-AEF1-34B90EB5CE43}
	EndGlobalSection
EndGlobal
